// !$*UTF8*$!
{
	archiveVersion = 1;
	classes = {
	};
	objectVersion = 50;
	objects = {

/* Begin PBXBuildFile section */
		F4D117422458D63D005F82D2 /* AppDelegate.swift in Sources */ = {isa = PBXBuildFile; fileRef = F4D117412458D63D005F82D2 /* AppDelegate.swift */; };
		F4D117442458D63D005F82D2 /* SceneDelegate.swift in Sources */ = {isa = PBXBuildFile; fileRef = F4D117432458D63D005F82D2 /* SceneDelegate.swift */; };
		F4D117472458D63D005F82D2 /* Spotify_Clone.xcdatamodeld in Sources */ = {isa = PBXBuildFile; fileRef = F4D117452458D63D005F82D2 /* Spotify_Clone.xcdatamodeld */; };
		F4D117492458D63D005F82D2 /* ContentView.swift in Sources */ = {isa = PBXBuildFile; fileRef = F4D117482458D63D005F82D2 /* ContentView.swift */; };
		F4D1174B2458D63E005F82D2 /* Assets.xcassets in Resources */ = {isa = PBXBuildFile; fileRef = F4D1174A2458D63E005F82D2 /* Assets.xcassets */; };
		F4D1174E2458D63E005F82D2 /* Preview Assets.xcassets in Resources */ = {isa = PBXBuildFile; fileRef = F4D1174D2458D63E005F82D2 /* Preview Assets.xcassets */; };
		F4D117512458D63E005F82D2 /* LaunchScreen.storyboard in Resources */ = {isa = PBXBuildFile; fileRef = F4D1174F2458D63E005F82D2 /* LaunchScreen.storyboard */; };
/* End PBXBuildFile section */

/* Begin PBXFileReference section */
		F4D1173E2458D63D005F82D2 /* Spotify Clone.app */ = {isa = PBXFileReference; explicitFileType = wrapper.application; includeInIndex = 0; path = "Spotify Clone.app"; sourceTree = BUILT_PRODUCTS_DIR; };
		F4D117412458D63D005F82D2 /* AppDelegate.swift */ = {isa = PBXFileReference; lastKnownFileType = sourcecode.swift; path = AppDelegate.swift; sourceTree = "<group>"; };
		F4D117432458D63D005F82D2 /* SceneDelegate.swift */ = {isa = PBXFileReference; lastKnownFileType = sourcecode.swift; path = SceneDelegate.swift; sourceTree = "<group>"; };
		F4D117462458D63D005F82D2 /* Spotify_Clone.xcdatamodel */ = {isa = PBXFileReference; lastKnownFileType = wrapper.xcdatamodel; path = Spotify_Clone.xcdatamodel; sourceTree = "<group>"; };
		F4D117482458D63D005F82D2 /* ContentView.swift */ = {isa = PBXFileReference; lastKnownFileType = sourcecode.swift; path = ContentView.swift; sourceTree = "<group>"; };
		F4D1174A2458D63E005F82D2 /* Assets.xcassets */ = {isa = PBXFileReference; lastKnownFileType = folder.assetcatalog; path = Assets.xcassets; sourceTree = "<group>"; };
		F4D1174D2458D63E005F82D2 /* Preview Assets.xcassets */ = {isa = PBXFileReference; lastKnownFileType = folder.assetcatalog; path = "Preview Assets.xcassets"; sourceTree = "<group>"; };
		F4D117502458D63E005F82D2 /* Base */ = {isa = PBXFileReference; lastKnownFileType = file.storyboard; name = Base; path = Base.lproj/LaunchScreen.storyboard; sourceTree = "<group>"; };
		F4D117522458D63F005F82D2 /* Info.plist */ = {isa = PBXFileReference; lastKnownFileType = text.plist.xml; path = Info.plist; sourceTree = "<group>"; };
/* End PBXFileReference section */

/* Begin PBXFrameworksBuildPhase section */
		F4D1173B2458D63D005F82D2 /* Frameworks */ = {
			isa = PBXFrameworksBuildPhase;
			buildActionMask = 2147483647;
			files = (
			);
			runOnlyForDeploymentPostprocessing = 0;
		};
/* End PBXFrameworksBuildPhase section */

/* Begin PBXGroup section */
		F4D117352458D63D005F82D2 = {
			isa = PBXGroup;
			children = (
				F4D117402458D63D005F82D2 /* Spotify Clone */,
				F4D1173F2458D63D005F82D2 /* Products */,
			);
			sourceTree = "<group>";
		};
		F4D1173F2458D63D005F82D2 /* Products */ = {
			isa = PBXGroup;
			children = (
				F4D1173E2458D63D005F82D2 /* Spotify Clone.app */,
			);
			name = Products;
			sourceTree = "<group>";
		};
		F4D117402458D63D005F82D2 /* Spotify Clone */ = {
			isa = PBXGroup;
			children = (
				F4D117412458D63D005F82D2 /* AppDelegate.swift */,
				F4D117432458D63D005F82D2 /* SceneDelegate.swift */,
				F4D117482458D63D005F82D2 /* ContentView.swift */,
				F4D1174A2458D63E005F82D2 /* Assets.xcassets */,
				F4D1174F2458D63E005F82D2 /* LaunchScreen.storyboard */,
				F4D117522458D63F005F82D2 /* Info.plist */,
				F4D117452458D63D005F82D2 /* Spotify_Clone.xcdatamodeld */,
				F4D1174C2458D63E005F82D2 /* Preview Content */,
			);
			path = "Spotify Clone";
			sourceTree = "<group>";
		};
		F4D1174C2458D63E005F82D2 /* Preview Content */ = {
			isa = PBXGroup;
			children = (
				F4D1174D2458D63E005F82D2 /* Preview Assets.xcassets */,
			);
			path = "Preview Content";
			sourceTree = "<group>";
		};
/* End PBXGroup section */

/* Begin PBXNativeTarget section */
		F4D1173D2458D63D005F82D2 /* Spotify Clone */ = {
			isa = PBXNativeTarget;
			buildConfigurationList = F4D117552458D63F005F82D2 /* Build configuration list for PBXNativeTarget "Spotify Clone" */;
			buildPhases = (
				F4D1173A2458D63D005F82D2 /* Sources */,
				F4D1173B2458D63D005F82D2 /* Frameworks */,
				F4D1173C2458D63D005F82D2 /* Resources */,
			);
			buildRules = (
			);
			dependencies = (
			);
			name = "Spotify Clone";
			productName = "Spotify Clone";
			productReference = F4D1173E2458D63D005F82D2 /* Spotify Clone.app */;
			productType = "com.apple.product-type.application";
		};
/* End PBXNativeTarget section */

/* Begin PBXProject section */
		F4D117362458D63D005F82D2 /* Project object */ = {
			isa = PBXProject;
			attributes = {
				LastSwiftUpdateCheck = 1140;
				LastUpgradeCheck = 1140;
				ORGANIZATIONNAME = "MR de Araujo";
				TargetAttributes = {
					F4D1173D2458D63D005F82D2 = {
						CreatedOnToolsVersion = 11.4;
					};
				};
			};
			buildConfigurationList = F4D117392458D63D005F82D2 /* Build configuration list for PBXProject "Spotify Clone" */;
			compatibilityVersion = "Xcode 9.3";
			developmentRegion = en;
			hasScannedForEncodings = 0;
			knownRegions = (
				en,
				Base,
			);
			mainGroup = F4D117352458D63D005F82D2;
			productRefGroup = F4D1173F2458D63D005F82D2 /* Products */;
			projectDirPath = "";
			projectRoot = "";
			targets = (
				F4D1173D2458D63D005F82D2 /* Spotify Clone */,
			);
		};
/* End PBXProject section */

/* Begin PBXResourcesBuildPhase section */
		F4D1173C2458D63D005F82D2 /* Resources */ = {
			isa = PBXResourcesBuildPhase;
			buildActionMask = 2147483647;
			files = (
				F4D117512458D63E005F82D2 /* LaunchScreen.storyboard in Resources */,
				F4D1174E2458D63E005F82D2 /* Preview Assets.xcassets in Resources */,
				F4D1174B2458D63E005F82D2 /* Assets.xcassets in Resources */,
			);
			runOnlyForDeploymentPostprocessing = 0;
		};
/* End PBXResourcesBuildPhase section */

/* Begin PBXSourcesBuildPhase section */
		F4D1173A2458D63D005F82D2 /* Sources */ = {
			isa = PBXSourcesBuildPhase;
			buildActionMask = 2147483647;
			files = (
				F4D117422458D63D005F82D2 /* AppDelegate.swift in Sources */,
				F4D117442458D63D005F82D2 /* SceneDelegate.swift in Sources */,
				F4D117492458D63D005F82D2 /* ContentView.swift in Sources */,
				F4D117472458D63D005F82D2 /* Spotify_Clone.xcdatamodeld in Sources */,
			);
			runOnlyForDeploymentPostprocessing = 0;
		};
/* End PBXSourcesBuildPhase section */

/* Begin PBXVariantGroup section */
		F4D1174F2458D63E005F82D2 /* LaunchScreen.storyboard */ = {
			isa = PBXVariantGroup;
			children = (
				F4D117502458D63E005F82D2 /* Base */,
			);
			name = LaunchScreen.storyboard;
			sourceTree = "<group>";
		};
/* End PBXVariantGroup section */

/* Begin XCBuildConfiguration section */
		F4D117532458D63F005F82D2 /* Debug */ = {
			isa = XCBuildConfiguration;
			buildSettings = {
				ALWAYS_SEARCH_USER_PATHS = NO;
				CLANG_ANALYZER_NONNULL = YES;
				CLANG_ANALYZER_NUMBER_OBJECT_CONVERSION = YES_AGGRESSIVE;
				CLANG_CXX_LANGUAGE_STANDARD = "gnu++14";
				CLANG_CXX_LIBRARY = "libc++";
				CLANG_ENABLE_MODULES = YES;
				CLANG_ENABLE_OBJC_ARC = YES;
				CLANG_ENABLE_OBJC_WEAK = YES;
				CLANG_WARN_BLOCK_CAPTURE_AUTORELEASING = YES;
				CLANG_WARN_BOOL_CONVERSION = YES;
				CLANG_WARN_COMMA = YES;
				CLANG_WARN_CONSTANT_CONVERSION = YES;
				CLANG_WARN_DEPRECATED_OBJC_IMPLEMENTATIONS = YES;
				CLANG_WARN_DIRECT_OBJC_ISA_USAGE = YES_ERROR;
				CLANG_WARN_DOCUMENTATION_COMMENTS = YES;
				CLANG_WARN_EMPTY_BODY = YES;
				CLANG_WARN_ENUM_CONVERSION = YES;
				CLANG_WARN_INFINITE_RECURSION = YES;
				CLANG_WARN_INT_CONVERSION = YES;
				CLANG_WARN_NON_LITERAL_NULL_CONVERSION = YES;
				CLANG_WARN_OBJC_IMPLICIT_RETAIN_SELF = YES;
				CLANG_WARN_OBJC_LITERAL_CONVERSION = YES;
				CLANG_WARN_OBJC_ROOT_CLASS = YES_ERROR;
				CLANG_WARN_RANGE_LOOP_ANALYSIS = YES;
				CLANG_WARN_STRICT_PROTOTYPES = YES;
				CLANG_WARN_SUSPICIOUS_MOVE = YES;
				CLANG_WARN_UNGUARDED_AVAILABILITY = YES_AGGRESSIVE;
				CLANG_WARN_UNREACHABLE_CODE = YES;
				CLANG_WARN__DUPLICATE_METHOD_MATCH = YES;
				COPY_PHASE_STRIP = NO;
				DEBUG_INFORMATION_FORMAT = dwarf;
				ENABLE_STRICT_OBJC_MSGSEND = YES;
				ENABLE_TESTABILITY = YES;
				GCC_C_LANGUAGE_STANDARD = gnu11;
				GCC_DYNAMIC_NO_PIC = NO;
				GCC_NO_COMMON_BLOCKS = YES;
				GCC_OPTIMIZATION_LEVEL = 0;
				GCC_PREPROCESSOR_DEFINITIONS = (
					"DEBUG=1",
					"$(inherited)",
				);
				GCC_WARN_64_TO_32_BIT_CONVERSION = YES;
				GCC_WARN_ABOUT_RETURN_TYPE = YES_ERROR;
				GCC_WARN_UNDECLARED_SELECTOR = YES;
				GCC_WARN_UNINITIALIZED_AUTOS = YES_AGGRESSIVE;
				GCC_WARN_UNUSED_FUNCTION = YES;
				GCC_WARN_UNUSED_VARIABLE = YES;
				IPHONEOS_DEPLOYMENT_TARGET = 13.4;
				MTL_ENABLE_DEBUG_INFO = INCLUDE_SOURCE;
				MTL_FAST_MATH = YES;
				ONLY_ACTIVE_ARCH = YES;
				SDKROOT = iphoneos;
				SWIFT_ACTIVE_COMPILATION_CONDITIONS = DEBUG;
				SWIFT_OPTIMIZATION_LEVEL = "-Onone";
			};
			name = Debug;
		};
		F4D117542458D63F005F82D2 /* Release */ = {
			isa = XCBuildConfiguration;
			buildSettings = {
				ALWAYS_SEARCH_USER_PATHS = NO;
				CLANG_ANALYZER_NONNULL = YES;
				CLANG_ANALYZER_NUMBER_OBJECT_CONVERSION = YES_AGGRESSIVE;
				CLANG_CXX_LANGUAGE_STANDARD = "gnu++14";
				CLANG_CXX_LIBRARY = "libc++";
				CLANG_ENABLE_MODULES = YES;
				CLANG_ENABLE_OBJC_ARC = YES;
				CLANG_ENABLE_OBJC_WEAK = YES;
				CLANG_WARN_BLOCK_CAPTURE_AUTORELEASING = YES;
				CLANG_WARN_BOOL_CONVERSION = YES;
				CLANG_WARN_COMMA = YES;
				CLANG_WARN_CONSTANT_CONVERSION = YES;
				CLANG_WARN_DEPRECATED_OBJC_IMPLEMENTATIONS = YES;
				CLANG_WARN_DIRECT_OBJC_ISA_USAGE = YES_ERROR;
				CLANG_WARN_DOCUMENTATION_COMMENTS = YES;
				CLANG_WARN_EMPTY_BODY = YES;
				CLANG_WARN_ENUM_CONVERSION = YES;
				CLANG_WARN_INFINITE_RECURSION = YES;
				CLANG_WARN_INT_CONVERSION = YES;
				CLANG_WARN_NON_LITERAL_NULL_CONVERSION = YES;
				CLANG_WARN_OBJC_IMPLICIT_RETAIN_SELF = YES;
				CLANG_WARN_OBJC_LITERAL_CONVERSION = YES;
				CLANG_WARN_OBJC_ROOT_CLASS = YES_ERROR;
				CLANG_WARN_RANGE_LOOP_ANALYSIS = YES;
				CLANG_WARN_STRICT_PROTOTYPES = YES;
				CLANG_WARN_SUSPICIOUS_MOVE = YES;
				CLANG_WARN_UNGUARDED_AVAILABILITY = YES_AGGRESSIVE;
				CLANG_WARN_UNREACHABLE_CODE = YES;
				CLANG_WARN__DUPLICATE_METHOD_MATCH = YES;
				COPY_PHASE_STRIP = NO;
				DEBUG_INFORMATION_FORMAT = "dwarf-with-dsym";
				ENABLE_NS_ASSERTIONS = NO;
				ENABLE_STRICT_OBJC_MSGSEND = YES;
				GCC_C_LANGUAGE_STANDARD = gnu11;
				GCC_NO_COMMON_BLOCKS = YES;
				GCC_WARN_64_TO_32_BIT_CONVERSION = YES;
				GCC_WARN_ABOUT_RETURN_TYPE = YES_ERROR;
				GCC_WARN_UNDECLARED_SELECTOR = YES;
				GCC_WARN_UNINITIALIZED_AUTOS = YES_AGGRESSIVE;
				GCC_WARN_UNUSED_FUNCTION = YES;
				GCC_WARN_UNUSED_VARIABLE = YES;
				IPHONEOS_DEPLOYMENT_TARGET = 13.4;
				MTL_ENABLE_DEBUG_INFO = NO;
				MTL_FAST_MATH = YES;
				SDKROOT = iphoneos;
				SWIFT_COMPILATION_MODE = wholemodule;
				SWIFT_OPTIMIZATION_LEVEL = "-O";
				VALIDATE_PRODUCT = YES;
			};
			name = Release;
		};
		F4D117562458D63F005F82D2 /* Debug */ = {
			isa = XCBuildConfiguration;
			buildSettings = {
				ASSETCATALOG_COMPILER_APPICON_NAME = AppIcon;
				CODE_SIGN_STYLE = Automatic;
				DEVELOPMENT_ASSET_PATHS = "\"Spotify Clone/Preview Content\"";
				DEVELOPMENT_TEAM = C97V5ZU9S5;
				ENABLE_PREVIEWS = YES;
				INFOPLIST_FILE = "Spotify Clone/Info.plist";
				LD_RUNPATH_SEARCH_PATHS = (
					"$(inherited)",
					"@executable_path/Frameworks",
				);
				PRODUCT_BUNDLE_IDENTIFIER = "mr.araujo.Spotify-Clone";
				PRODUCT_NAME = "$(TARGET_NAME)";
				SWIFT_VERSION = 5.0;
				TARGETED_DEVICE_FAMILY = "1,2";
			};
			name = Debug;
		};
		F4D117572458D63F005F82D2 /* Release */ = {
			isa = XCBuildConfiguration;
			buildSettings = {
				ASSETCATALOG_COMPILER_APPICON_NAME = AppIcon;
				CODE_SIGN_STYLE = Automatic;
				DEVELOPMENT_ASSET_PATHS = "\"Spotify Clone/Preview Content\"";
				DEVELOPMENT_TEAM = C97V5ZU9S5;
				ENABLE_PREVIEWS = YES;
				INFOPLIST_FILE = "Spotify Clone/Info.plist";
				LD_RUNPATH_SEARCH_PATHS = (
					"$(inherited)",
					"@executable_path/Frameworks",
				);
				PRODUCT_BUNDLE_IDENTIFIER = "mr.araujo.Spotify-Clone";
				PRODUCT_NAME = "$(TARGET_NAME)";
				SWIFT_VERSION = 5.0;
				TARGETED_DEVICE_FAMILY = "1,2";
			};
			name = Release;
		};
/* End XCBuildConfiguration section */

/* Begin XCConfigurationList section */
		F4D117392458D63D005F82D2 /* Build configuration list for PBXProject "Spotify Clone" */ = {
			isa = XCConfigurationList;
			buildConfigurations = (
				F4D117532458D63F005F82D2 /* Debug */,
				F4D117542458D63F005F82D2 /* Release */,
			);
			defaultConfigurationIsVisible = 0;
			defaultConfigurationName = Release;
		};
		F4D117552458D63F005F82D2 /* Build configuration list for PBXNativeTarget "Spotify Clone" */ = {
			isa = XCConfigurationList;
			buildConfigurations = (
				F4D117562458D63F005F82D2 /* Debug */,
				F4D117572458D63F005F82D2 /* Release */,
			);
			defaultConfigurationIsVisible = 0;
			defaultConfigurationName = Release;
		};
/* End XCConfigurationList section */

/* Begin XCVersionGroup section */
		F4D117452458D63D005F82D2 /* Spotify_Clone.xcdatamodeld */ = {
			isa = XCVersionGroup;
			children = (
				F4D117462458D63D005F82D2 /* Spotify_Clone.xcdatamodel */,
			);
			currentVersion = F4D117462458D63D005F82D2 /* Spotify_Clone.xcdatamodel */;
			path = Spotify_Clone.xcdatamodeld;
			sourceTree = "<group>";
			versionGroupType = wrapper.xcdatamodel;
		};
/* End XCVersionGroup section */
	};
	rootObject = F4D117362458D63D005F82D2 /* Project object */;
}
